
Microsoft Visual Studio Solution File, Format Version 12.00
# Visual Studio Version 17
VisualStudioVersion = 17.12.35323.107
MinimumVisualStudioVersion = 10.0.40219.1
Project("{8BC9CEB8-8B4A-11D0-8D11-00A0C91BC942}") = "NFSMWHeatRaiseViaCTS", "NFSMW\NFSMWHeatRaiseViaCTS.vcxproj", "{FECAF3E1-EAE0-4F55-96A1-263E7A779FD5}"
EndProject
Global
	GlobalSection(SolutionConfigurationPlatforms) = preSolution
		Debug|x64 = Debug|x64
		Debug|x86 = Debug|x86
		Release|x64 = Release|x64
		Release|x86 = Release|x86
	EndGlobalSection
	GlobalSection(ProjectConfigurationPlatforms) = postSolution
		{FECAF3E1-EAE0-4F55-96A1-263E7A779FD5}.Debug|x64.ActiveCfg = Debug|x64
		{FECAF3E1-EAE0-4F55-96A1-263E7A779FD5}.Debug|x64.Build.0 = Debug|x64
		{FECAF3E1-EAE0-4F55-96A1-263E7A779FD5}.Debug|x86.ActiveCfg = Debug|Win32
		{FECAF3E1-EAE0-4F55-96A1-263E7A779FD5}.Debug|x86.Build.0 = Debug|Win32
		{FECAF3E1-EAE0-4F55-96A1-263E7A779FD5}.Release|x64.ActiveCfg = Release|Win32
		{FECAF3E1-EAE0-4F55-96A1-263E7A779FD5}.Release|x64.Build.0 = Release|Win32
		{FECAF3E1-EAE0-4F55-96A1-263E7A779FD5}.Release|x86.ActiveCfg = Release|Win32
		{FECAF3E1-EAE0-4F55-96A1-263E7A779FD5}.Release|x86.Build.0 = Release|Win32
	EndGlobalSection
	GlobalSection(SolutionProperties) = preSolution
		HideSolutionNode = FALSE
	EndGlobalSection
	GlobalSection(ExtensibilityGlobals) = postSolution
		SolutionGuid = {CA020C85-408F-4EDE-B574-70733D19C036}
	EndGlobalSection
EndGlobal
